
Microsoft Visual Studio Solution File, Format Version 12.00
# Visual Studio Version 16
VisualStudioVersion = 16.0.30114.105
MinimumVisualStudioVersion = 10.0.40219.1
Project("{FAE04EC0-301F-11D3-BF4B-00C04F79EFBC}") = "Autofac.Integration.Mvc", "src\Autofac.Integration.Mvc\Autofac.Integration.Mvc.csproj", "{DD874E64-C7EC-464D-925F-CF4A709EDEEF}"
EndProject
Project("{FAE04EC0-301F-11D3-BF4B-00C04F79EFBC}") = "Autofac.Integration.Mvc.Test", "test\Autofac.Integration.Mvc.Test\Autofac.Integration.Mvc.Test.csproj", "{438022BC-2202-4F9D-A3AD-6EA84DB947D2}"
EndProject
Project("{2150E333-8FDC-42A3-9474-1A3956D46DE8}") = "src", "src", "{68332651-45D8-43EF-8A24-314BAD10B21E}"
EndProject
Project("{2150E333-8FDC-42A3-9474-1A3956D46DE8}") = "test", "test", "{0B99C973-4B57-402F-85DA-579669EC6D6D}"
EndProject
Project("{2150E333-8FDC-42A3-9474-1A3956D46DE8}") = "Solution Items", "Solution Items", "{B8552707-984B-4F02-917E-2B9D5D5B6945}"
	ProjectSection(SolutionItems) = preProject
		.gitignore = .gitignore
		appveyor.yml = appveyor.yml
		LICENSE = LICENSE
		NuGet.Config = NuGet.Config
		README.md = README.md
		global.json = global.json
	EndProjectSection
EndProject
Global
	GlobalSection(SolutionConfigurationPlatforms) = preSolution
		Debug|Any CPU = Debug|Any CPU
		Release|Any CPU = Release|Any CPU
	EndGlobalSection
	GlobalSection(ProjectConfigurationPlatforms) = postSolution
		{DD874E64-C7EC-464D-925F-CF4A709EDEEF}.Debug|Any CPU.ActiveCfg = Debug|Any CPU
		{DD874E64-C7EC-464D-925F-CF4A709EDEEF}.Debug|Any CPU.Build.0 = Debug|Any CPU
		{DD874E64-C7EC-464D-925F-CF4A709EDEEF}.Release|Any CPU.ActiveCfg = Release|Any CPU
		{DD874E64-C7EC-464D-925F-CF4A709EDEEF}.Release|Any CPU.Build.0 = Release|Any CPU
		{438022BC-2202-4F9D-A3AD-6EA84DB947D2}.Debug|Any CPU.ActiveCfg = Debug|Any CPU
		{438022BC-2202-4F9D-A3AD-6EA84DB947D2}.Debug|Any CPU.Build.0 = Debug|Any CPU
		{438022BC-2202-4F9D-A3AD-6EA84DB947D2}.Release|Any CPU.ActiveCfg = Release|Any CPU
		{438022BC-2202-4F9D-A3AD-6EA84DB947D2}.Release|Any CPU.Build.0 = Release|Any CPU
	EndGlobalSection
	GlobalSection(SolutionProperties) = preSolution
		HideSolutionNode = FALSE
	EndGlobalSection
	GlobalSection(NestedProjects) = preSolution
		{DD874E64-C7EC-464D-925F-CF4A709EDEEF} = {68332651-45D8-43EF-8A24-314BAD10B21E}
		{438022BC-2202-4F9D-A3AD-6EA84DB947D2} = {0B99C973-4B57-402F-85DA-579669EC6D6D}
	EndGlobalSection
	GlobalSection(ExtensibilityGlobals) = postSolution
		SolutionGuid = {00D81BB0-3A31-4F38-B1DC-4FC384034777}
	EndGlobalSection
EndGlobal
