
Microsoft Visual Studio Solution File, Format Version 12.00
# Visual Studio 14
VisualStudioVersion = 14.0.23107.0
MinimumVisualStudioVersion = 10.0.40219.1
Project("{FAE04EC0-301F-11D3-BF4B-00C04F79EFBC}") = "Autofac.Integration.Mvc", "src\Autofac.Integration.Mvc\Autofac.Integration.Mvc.csproj", "{DD874E64-C7EC-464D-925F-CF4A709EDEEF}"
EndProject
Project("{FAE04EC0-301F-11D3-BF4B-00C04F79EFBC}") = "Autofac.Integration.Mvc.Test", "test\Autofac.Integration.Mvc.Test\Autofac.Integration.Mvc.Test.csproj", "{438022BC-2202-4F9D-A3AD-6EA84DB947D2}"
EndProject
Global
	GlobalSection(SolutionConfigurationPlatforms) = preSolution
		Debug|Any CPU = Debug|Any CPU
		Release|Any CPU = Release|Any CPU
	EndGlobalSection
	GlobalSection(ProjectConfigurationPlatforms) = postSolution
		{DD874E64-C7EC-464D-925F-CF4A709EDEEF}.Debug|Any CPU.ActiveCfg = Debug|Any CPU
		{DD874E64-C7EC-464D-925F-CF4A709EDEEF}.Debug|Any CPU.Build.0 = Debug|Any CPU
		{DD874E64-C7EC-464D-925F-CF4A709EDEEF}.Release|Any CPU.ActiveCfg = Release|Any CPU
		{DD874E64-C7EC-464D-925F-CF4A709EDEEF}.Release|Any CPU.Build.0 = Release|Any CPU
		{438022BC-2202-4F9D-A3AD-6EA84DB947D2}.Debug|Any CPU.ActiveCfg = Debug|Any CPU
		{438022BC-2202-4F9D-A3AD-6EA84DB947D2}.Debug|Any CPU.Build.0 = Debug|Any CPU
		{438022BC-2202-4F9D-A3AD-6EA84DB947D2}.Release|Any CPU.ActiveCfg = Release|Any CPU
		{438022BC-2202-4F9D-A3AD-6EA84DB947D2}.Release|Any CPU.Build.0 = Release|Any CPU
	EndGlobalSection
	GlobalSection(SolutionProperties) = preSolution
		HideSolutionNode = FALSE
	EndGlobalSection
EndGlobal
